
Microsoft Visual Studio Solution File, Format Version 12.00
# Visual Studio Version 16
VisualStudioVersion = 16.0.30114.105
MinimumVisualStudioVersion = 10.0.40219.1
Project("{FAE04EC0-301F-11D3-BF4B-00C04F79EFBC}") = "API", "API\API.csproj", "{331270F1-9FCD-48B5-8F34-66084D887A1F}"
EndProject
Project("{FAE04EC0-301F-11D3-BF4B-00C04F79EFBC}") = "Application", "Application\Application.csproj", "{AE4854E3-11BA-4B47-ACC9-D5B3F1CBF987}"
EndProject
Project("{FAE04EC0-301F-11D3-BF4B-00C04F79EFBC}") = "Persistence", "Persistence\Persistence.csproj", "{667FDE32-4D86-4FD9-8B63-C71E15B617C9}"
EndProject
Project("{FAE04EC0-301F-11D3-BF4B-00C04F79EFBC}") = "Domain", "Domain\Domain.csproj", "{8DD755D5-9859-44EB-8C8B-6D5D8A748F95}"
EndProject
Global
	GlobalSection(SolutionConfigurationPlatforms) = preSolution
		Debug|Any CPU = Debug|Any CPU
		Release|Any CPU = Release|Any CPU
	EndGlobalSection
	GlobalSection(SolutionProperties) = preSolution
		HideSolutionNode = FALSE
	EndGlobalSection
	GlobalSection(ProjectConfigurationPlatforms) = postSolution
		{331270F1-9FCD-48B5-8F34-66084D887A1F}.Debug|Any CPU.ActiveCfg = Debug|Any CPU
		{331270F1-9FCD-48B5-8F34-66084D887A1F}.Debug|Any CPU.Build.0 = Debug|Any CPU
		{331270F1-9FCD-48B5-8F34-66084D887A1F}.Release|Any CPU.ActiveCfg = Release|Any CPU
		{331270F1-9FCD-48B5-8F34-66084D887A1F}.Release|Any CPU.Build.0 = Release|Any CPU
		{AE4854E3-11BA-4B47-ACC9-D5B3F1CBF987}.Debug|Any CPU.ActiveCfg = Debug|Any CPU
		{AE4854E3-11BA-4B47-ACC9-D5B3F1CBF987}.Debug|Any CPU.Build.0 = Debug|Any CPU
		{AE4854E3-11BA-4B47-ACC9-D5B3F1CBF987}.Release|Any CPU.ActiveCfg = Release|Any CPU
		{AE4854E3-11BA-4B47-ACC9-D5B3F1CBF987}.Release|Any CPU.Build.0 = Release|Any CPU
		{667FDE32-4D86-4FD9-8B63-C71E15B617C9}.Debug|Any CPU.ActiveCfg = Debug|Any CPU
		{667FDE32-4D86-4FD9-8B63-C71E15B617C9}.Debug|Any CPU.Build.0 = Debug|Any CPU
		{667FDE32-4D86-4FD9-8B63-C71E15B617C9}.Release|Any CPU.ActiveCfg = Release|Any CPU
		{667FDE32-4D86-4FD9-8B63-C71E15B617C9}.Release|Any CPU.Build.0 = Release|Any CPU
		{8DD755D5-9859-44EB-8C8B-6D5D8A748F95}.Debug|Any CPU.ActiveCfg = Debug|Any CPU
		{8DD755D5-9859-44EB-8C8B-6D5D8A748F95}.Debug|Any CPU.Build.0 = Debug|Any CPU
		{8DD755D5-9859-44EB-8C8B-6D5D8A748F95}.Release|Any CPU.ActiveCfg = Release|Any CPU
		{8DD755D5-9859-44EB-8C8B-6D5D8A748F95}.Release|Any CPU.Build.0 = Release|Any CPU
	EndGlobalSection
EndGlobal
